
Microsoft Visual Studio Solution File, Format Version 12.00
# Visual Studio 15
VisualStudioVersion = 15.0.28307.329
MinimumVisualStudioVersion = 10.0.40219.1
Project("{FAE04EC0-301F-11D3-BF4B-00C04F79EFBC}") = "AppForNorthwindDataService", "AppForNorthwindDataService\AppForNorthwindDataService.csproj", "{51E21EF4-54E8-47AC-A4EA-E41002B3AEAD}"
EndProject
Global
	GlobalSection(SolutionConfigurationPlatforms) = preSolution
		Debug|Any CPU = Debug|Any CPU
		Release|Any CPU = Release|Any CPU
	EndGlobalSection
	GlobalSection(ProjectConfigurationPlatforms) = postSolution
		{51E21EF4-54E8-47AC-A4EA-E41002B3AEAD}.Debug|Any CPU.ActiveCfg = Debug|Any CPU
		{51E21EF4-54E8-47AC-A4EA-E41002B3AEAD}.Debug|Any CPU.Build.0 = Debug|Any CPU
		{51E21EF4-54E8-47AC-A4EA-E41002B3AEAD}.Release|Any CPU.ActiveCfg = Release|Any CPU
		{51E21EF4-54E8-47AC-A4EA-E41002B3AEAD}.Release|Any CPU.Build.0 = Release|Any CPU
	EndGlobalSection
	GlobalSection(SolutionProperties) = preSolution
		HideSolutionNode = FALSE
	EndGlobalSection
	GlobalSection(ExtensibilityGlobals) = postSolution
		SolutionGuid = {D6D30600-A91B-4032-92F6-E17C6E8BB32A}
	EndGlobalSection
EndGlobal
