
Microsoft Visual Studio Solution File, Format Version 12.00
# Visual Studio 15
VisualStudioVersion = 15.0.28307.329
MinimumVisualStudioVersion = 10.0.40219.1
Project("{FAE04EC0-301F-11D3-BF4B-00C04F79EFBC}") = "File_Cabinet", "File_Cabinet\File_Cabinet.csproj", "{3DF5DA24-D76A-4085-979A-550EB56CA6B3}"
EndProject
Global
	GlobalSection(SolutionConfigurationPlatforms) = preSolution
		Debug|Any CPU = Debug|Any CPU
		Release|Any CPU = Release|Any CPU
	EndGlobalSection
	GlobalSection(ProjectConfigurationPlatforms) = postSolution
		{3DF5DA24-D76A-4085-979A-550EB56CA6B3}.Debug|Any CPU.ActiveCfg = Debug|Any CPU
		{3DF5DA24-D76A-4085-979A-550EB56CA6B3}.Debug|Any CPU.Build.0 = Debug|Any CPU
		{3DF5DA24-D76A-4085-979A-550EB56CA6B3}.Release|Any CPU.ActiveCfg = Release|Any CPU
		{3DF5DA24-D76A-4085-979A-550EB56CA6B3}.Release|Any CPU.Build.0 = Release|Any CPU
	EndGlobalSection
	GlobalSection(SolutionProperties) = preSolution
		HideSolutionNode = FALSE
	EndGlobalSection
	GlobalSection(ExtensibilityGlobals) = postSolution
		SolutionGuid = {BEB46865-A5B0-4637-9422-28839E1FCAD8}
	EndGlobalSection
EndGlobal
